// !$*UTF8*$!
{
	archiveVersion = 1;
	classes = {
	};
	objectVersion = 50;
	objects = {

/* Begin PBXBuildFile section */
		F880648E24E00F7000B521F8 /* AppDelegate.swift in Sources */ = {isa = PBXBuildFile; fileRef = F880648D24E00F7000B521F8 /* AppDelegate.swift */; };
		F880649024E00F7000B521F8 /* SceneDelegate.swift in Sources */ = {isa = PBXBuildFile; fileRef = F880648F24E00F7000B521F8 /* SceneDelegate.swift */; };
		F880649524E00F7000B521F8 /* Main.storyboard in Resources */ = {isa = PBXBuildFile; fileRef = F880649324E00F7000B521F8 /* Main.storyboard */; };
		F880649824E00F7000B521F8 /* Simplest_Arragement.xcdatamodeld in Sources */ = {isa = PBXBuildFile; fileRef = F880649624E00F7000B521F8 /* Simplest_Arragement.xcdatamodeld */; };
		F880649A24E00F7000B521F8 /* Assets.xcassets in Resources */ = {isa = PBXBuildFile; fileRef = F880649924E00F7000B521F8 /* Assets.xcassets */; };
		F880649D24E00F7000B521F8 /* LaunchScreen.storyboard in Resources */ = {isa = PBXBuildFile; fileRef = F880649B24E00F7000B521F8 /* LaunchScreen.storyboard */; };
		F88064A524E0101400B521F8 /* ListViewController.swift in Sources */ = {isa = PBXBuildFile; fileRef = F88064A424E0101400B521F8 /* ListViewController.swift */; };
		F893F9CD24E654DA00E1D62A /* UserDetailCell.swift in Sources */ = {isa = PBXBuildFile; fileRef = F893F9CB24E654DA00E1D62A /* UserDetailCell.swift */; };
		F893F9CE24E654DA00E1D62A /* UserDetailCell.xib in Resources */ = {isa = PBXBuildFile; fileRef = F893F9CC24E654DA00E1D62A /* UserDetailCell.xib */; };
		F8B8C46924E0112700C93138 /* UserDetail.swift in Sources */ = {isa = PBXBuildFile; fileRef = F8B8C46824E0112700C93138 /* UserDetail.swift */; };
		F8BDAC2F24E63B16003D10E7 /* Constants.swift in Sources */ = {isa = PBXBuildFile; fileRef = F8BDAC2E24E63B16003D10E7 /* Constants.swift */; };
/* End PBXBuildFile section */

/* Begin PBXFileReference section */
		F880648A24E00F7000B521F8 /* Simplest Arragement.app */ = {isa = PBXFileReference; explicitFileType = wrapper.application; includeInIndex = 0; path = "Simplest Arragement.app"; sourceTree = BUILT_PRODUCTS_DIR; };
		F880648D24E00F7000B521F8 /* AppDelegate.swift */ = {isa = PBXFileReference; lastKnownFileType = sourcecode.swift; path = AppDelegate.swift; sourceTree = "<group>"; };
		F880648F24E00F7000B521F8 /* SceneDelegate.swift */ = {isa = PBXFileReference; lastKnownFileType = sourcecode.swift; path = SceneDelegate.swift; sourceTree = "<group>"; };
		F880649424E00F7000B521F8 /* Base */ = {isa = PBXFileReference; lastKnownFileType = file.storyboard; name = Base; path = Base.lproj/Main.storyboard; sourceTree = "<group>"; };
		F880649724E00F7000B521F8 /* Simplest_Arragement.xcdatamodel */ = {isa = PBXFileReference; lastKnownFileType = wrapper.xcdatamodel; path = Simplest_Arragement.xcdatamodel; sourceTree = "<group>"; };
		F880649924E00F7000B521F8 /* Assets.xcassets */ = {isa = PBXFileReference; lastKnownFileType = folder.assetcatalog; path = Assets.xcassets; sourceTree = "<group>"; };
		F880649C24E00F7000B521F8 /* Base */ = {isa = PBXFileReference; lastKnownFileType = file.storyboard; name = Base; path = Base.lproj/LaunchScreen.storyboard; sourceTree = "<group>"; };
		F880649E24E00F7000B521F8 /* Info.plist */ = {isa = PBXFileReference; lastKnownFileType = text.plist.xml; path = Info.plist; sourceTree = "<group>"; };
		F88064A424E0101400B521F8 /* ListViewController.swift */ = {isa = PBXFileReference; lastKnownFileType = sourcecode.swift; path = ListViewController.swift; sourceTree = "<group>"; };
		F893F9CB24E654DA00E1D62A /* UserDetailCell.swift */ = {isa = PBXFileReference; lastKnownFileType = sourcecode.swift; path = UserDetailCell.swift; sourceTree = "<group>"; };
		F893F9CC24E654DA00E1D62A /* UserDetailCell.xib */ = {isa = PBXFileReference; lastKnownFileType = file.xib; path = UserDetailCell.xib; sourceTree = "<group>"; };
		F8B8C46824E0112700C93138 /* UserDetail.swift */ = {isa = PBXFileReference; lastKnownFileType = sourcecode.swift; path = UserDetail.swift; sourceTree = "<group>"; };
		F8BDAC2E24E63B16003D10E7 /* Constants.swift */ = {isa = PBXFileReference; lastKnownFileType = sourcecode.swift; path = Constants.swift; sourceTree = "<group>"; };
/* End PBXFileReference section */

/* Begin PBXFrameworksBuildPhase section */
		F880648724E00F7000B521F8 /* Frameworks */ = {
			isa = PBXFrameworksBuildPhase;
			buildActionMask = 2147483647;
			files = (
			);
			runOnlyForDeploymentPostprocessing = 0;
		};
/* End PBXFrameworksBuildPhase section */

/* Begin PBXGroup section */
		F880648124E00F7000B521F8 = {
			isa = PBXGroup;
			children = (
				F880648C24E00F7000B521F8 /* Simplest Arragement */,
				F880648B24E00F7000B521F8 /* Products */,
			);
			sourceTree = "<group>";
		};
		F880648B24E00F7000B521F8 /* Products */ = {
			isa = PBXGroup;
			children = (
				F880648A24E00F7000B521F8 /* Simplest Arragement.app */,
			);
			name = Products;
			sourceTree = "<group>";
		};
		F880648C24E00F7000B521F8 /* Simplest Arragement */ = {
			isa = PBXGroup;
			children = (
				F880648D24E00F7000B521F8 /* AppDelegate.swift */,
				F8B8C46824E0112700C93138 /* UserDetail.swift */,
				F88064A424E0101400B521F8 /* ListViewController.swift */,
				F8B8C47224E0153F00C93138 /* View */,
				F880648F24E00F7000B521F8 /* SceneDelegate.swift */,
				F880649324E00F7000B521F8 /* Main.storyboard */,
				F8BDAC2E24E63B16003D10E7 /* Constants.swift */,
				F880649924E00F7000B521F8 /* Assets.xcassets */,
				F880649B24E00F7000B521F8 /* LaunchScreen.storyboard */,
				F880649E24E00F7000B521F8 /* Info.plist */,
				F880649624E00F7000B521F8 /* Simplest_Arragement.xcdatamodeld */,
			);
			path = "Simplest Arragement";
			sourceTree = "<group>";
		};
		F8B8C47224E0153F00C93138 /* View */ = {
			isa = PBXGroup;
			children = (
				F893F9CB24E654DA00E1D62A /* UserDetailCell.swift */,
				F893F9CC24E654DA00E1D62A /* UserDetailCell.xib */,
			);
			path = View;
			sourceTree = "<group>";
		};
/* End PBXGroup section */

/* Begin PBXNativeTarget section */
		F880648924E00F7000B521F8 /* Simplest Arragement */ = {
			isa = PBXNativeTarget;
			buildConfigurationList = F88064A124E00F7000B521F8 /* Build configuration list for PBXNativeTarget "Simplest Arragement" */;
			buildPhases = (
				F880648624E00F7000B521F8 /* Sources */,
				F880648724E00F7000B521F8 /* Frameworks */,
				F880648824E00F7000B521F8 /* Resources */,
			);
			buildRules = (
			);
			dependencies = (
			);
			name = "Simplest Arragement";
			productName = "Simplest Arragement";
			productReference = F880648A24E00F7000B521F8 /* Simplest Arragement.app */;
			productType = "com.apple.product-type.application";
		};
/* End PBXNativeTarget section */

/* Begin PBXProject section */
		F880648224E00F7000B521F8 /* Project object */ = {
			isa = PBXProject;
			attributes = {
				LastSwiftUpdateCheck = 1160;
				LastUpgradeCheck = 1160;
				ORGANIZATIONNAME = "夏英浩";
				TargetAttributes = {
					F880648924E00F7000B521F8 = {
						CreatedOnToolsVersion = 11.6;
					};
				};
			};
			buildConfigurationList = F880648524E00F7000B521F8 /* Build configuration list for PBXProject "Simplest Arragement" */;
			compatibilityVersion = "Xcode 9.3";
			developmentRegion = en;
			hasScannedForEncodings = 0;
			knownRegions = (
				en,
				Base,
			);
			mainGroup = F880648124E00F7000B521F8;
			productRefGroup = F880648B24E00F7000B521F8 /* Products */;
			projectDirPath = "";
			projectRoot = "";
			targets = (
				F880648924E00F7000B521F8 /* Simplest Arragement */,
			);
		};
/* End PBXProject section */

/* Begin PBXResourcesBuildPhase section */
		F880648824E00F7000B521F8 /* Resources */ = {
			isa = PBXResourcesBuildPhase;
			buildActionMask = 2147483647;
			files = (
				F880649D24E00F7000B521F8 /* LaunchScreen.storyboard in Resources */,
				F893F9CE24E654DA00E1D62A /* UserDetailCell.xib in Resources */,
				F880649A24E00F7000B521F8 /* Assets.xcassets in Resources */,
				F880649524E00F7000B521F8 /* Main.storyboard in Resources */,
			);
			runOnlyForDeploymentPostprocessing = 0;
		};
/* End PBXResourcesBuildPhase section */

/* Begin PBXSourcesBuildPhase section */
		F880648624E00F7000B521F8 /* Sources */ = {
			isa = PBXSourcesBuildPhase;
			buildActionMask = 2147483647;
			files = (
				F880649824E00F7000B521F8 /* Simplest_Arragement.xcdatamodeld in Sources */,
				F880648E24E00F7000B521F8 /* AppDelegate.swift in Sources */,
				F88064A524E0101400B521F8 /* ListViewController.swift in Sources */,
				F8BDAC2F24E63B16003D10E7 /* Constants.swift in Sources */,
				F8B8C46924E0112700C93138 /* UserDetail.swift in Sources */,
				F880649024E00F7000B521F8 /* SceneDelegate.swift in Sources */,
				F893F9CD24E654DA00E1D62A /* UserDetailCell.swift in Sources */,
			);
			runOnlyForDeploymentPostprocessing = 0;
		};
/* End PBXSourcesBuildPhase section */

/* Begin PBXVariantGroup section */
		F880649324E00F7000B521F8 /* Main.storyboard */ = {
			isa = PBXVariantGroup;
			children = (
				F880649424E00F7000B521F8 /* Base */,
			);
			name = Main.storyboard;
			sourceTree = "<group>";
		};
		F880649B24E00F7000B521F8 /* LaunchScreen.storyboard */ = {
			isa = PBXVariantGroup;
			children = (
				F880649C24E00F7000B521F8 /* Base */,
			);
			name = LaunchScreen.storyboard;
			sourceTree = "<group>";
		};
/* End PBXVariantGroup section */

/* Begin XCBuildConfiguration section */
		F880649F24E00F7000B521F8 /* Debug */ = {
			isa = XCBuildConfiguration;
			buildSettings = {
				ALWAYS_SEARCH_USER_PATHS = NO;
				CLANG_ANALYZER_NONNULL = YES;
				CLANG_ANALYZER_NUMBER_OBJECT_CONVERSION = YES_AGGRESSIVE;
				CLANG_CXX_LANGUAGE_STANDARD = "gnu++14";
				CLANG_CXX_LIBRARY = "libc++";
				CLANG_ENABLE_MODULES = YES;
				CLANG_ENABLE_OBJC_ARC = YES;
				CLANG_ENABLE_OBJC_WEAK = YES;
				CLANG_WARN_BLOCK_CAPTURE_AUTORELEASING = YES;
				CLANG_WARN_BOOL_CONVERSION = YES;
				CLANG_WARN_COMMA = YES;
				CLANG_WARN_CONSTANT_CONVERSION = YES;
				CLANG_WARN_DEPRECATED_OBJC_IMPLEMENTATIONS = YES;
				CLANG_WARN_DIRECT_OBJC_ISA_USAGE = YES_ERROR;
				CLANG_WARN_DOCUMENTATION_COMMENTS = YES;
				CLANG_WARN_EMPTY_BODY = YES;
				CLANG_WARN_ENUM_CONVERSION = YES;
				CLANG_WARN_INFINITE_RECURSION = YES;
				CLANG_WARN_INT_CONVERSION = YES;
				CLANG_WARN_NON_LITERAL_NULL_CONVERSION = YES;
				CLANG_WARN_OBJC_IMPLICIT_RETAIN_SELF = YES;
				CLANG_WARN_OBJC_LITERAL_CONVERSION = YES;
				CLANG_WARN_OBJC_ROOT_CLASS = YES_ERROR;
				CLANG_WARN_RANGE_LOOP_ANALYSIS = YES;
				CLANG_WARN_STRICT_PROTOTYPES = YES;
				CLANG_WARN_SUSPICIOUS_MOVE = YES;
				CLANG_WARN_UNGUARDED_AVAILABILITY = YES_AGGRESSIVE;
				CLANG_WARN_UNREACHABLE_CODE = YES;
				CLANG_WARN__DUPLICATE_METHOD_MATCH = YES;
				COPY_PHASE_STRIP = NO;
				DEBUG_INFORMATION_FORMAT = dwarf;
				ENABLE_STRICT_OBJC_MSGSEND = YES;
				ENABLE_TESTABILITY = YES;
				GCC_C_LANGUAGE_STANDARD = gnu11;
				GCC_DYNAMIC_NO_PIC = NO;
				GCC_NO_COMMON_BLOCKS = YES;
				GCC_OPTIMIZATION_LEVEL = 0;
				GCC_PREPROCESSOR_DEFINITIONS = (
					"DEBUG=1",
					"$(inherited)",
				);
				GCC_WARN_64_TO_32_BIT_CONVERSION = YES;
				GCC_WARN_ABOUT_RETURN_TYPE = YES_ERROR;
				GCC_WARN_UNDECLARED_SELECTOR = YES;
				GCC_WARN_UNINITIALIZED_AUTOS = YES_AGGRESSIVE;
				GCC_WARN_UNUSED_FUNCTION = YES;
				GCC_WARN_UNUSED_VARIABLE = YES;
				IPHONEOS_DEPLOYMENT_TARGET = 13.6;
				MTL_ENABLE_DEBUG_INFO = INCLUDE_SOURCE;
				MTL_FAST_MATH = YES;
				ONLY_ACTIVE_ARCH = YES;
				SDKROOT = iphoneos;
				SWIFT_ACTIVE_COMPILATION_CONDITIONS = DEBUG;
				SWIFT_OPTIMIZATION_LEVEL = "-Onone";
			};
			name = Debug;
		};
		F88064A024E00F7000B521F8 /* Release */ = {
			isa = XCBuildConfiguration;
			buildSettings = {
				ALWAYS_SEARCH_USER_PATHS = NO;
				CLANG_ANALYZER_NONNULL = YES;
				CLANG_ANALYZER_NUMBER_OBJECT_CONVERSION = YES_AGGRESSIVE;
				CLANG_CXX_LANGUAGE_STANDARD = "gnu++14";
				CLANG_CXX_LIBRARY = "libc++";
				CLANG_ENABLE_MODULES = YES;
				CLANG_ENABLE_OBJC_ARC = YES;
				CLANG_ENABLE_OBJC_WEAK = YES;
				CLANG_WARN_BLOCK_CAPTURE_AUTORELEASING = YES;
				CLANG_WARN_BOOL_CONVERSION = YES;
				CLANG_WARN_COMMA = YES;
				CLANG_WARN_CONSTANT_CONVERSION = YES;
				CLANG_WARN_DEPRECATED_OBJC_IMPLEMENTATIONS = YES;
				CLANG_WARN_DIRECT_OBJC_ISA_USAGE = YES_ERROR;
				CLANG_WARN_DOCUMENTATION_COMMENTS = YES;
				CLANG_WARN_EMPTY_BODY = YES;
				CLANG_WARN_ENUM_CONVERSION = YES;
				CLANG_WARN_INFINITE_RECURSION = YES;
				CLANG_WARN_INT_CONVERSION = YES;
				CLANG_WARN_NON_LITERAL_NULL_CONVERSION = YES;
				CLANG_WARN_OBJC_IMPLICIT_RETAIN_SELF = YES;
				CLANG_WARN_OBJC_LITERAL_CONVERSION = YES;
				CLANG_WARN_OBJC_ROOT_CLASS = YES_ERROR;
				CLANG_WARN_RANGE_LOOP_ANALYSIS = YES;
				CLANG_WARN_STRICT_PROTOTYPES = YES;
				CLANG_WARN_SUSPICIOUS_MOVE = YES;
				CLANG_WARN_UNGUARDED_AVAILABILITY = YES_AGGRESSIVE;
				CLANG_WARN_UNREACHABLE_CODE = YES;
				CLANG_WARN__DUPLICATE_METHOD_MATCH = YES;
				COPY_PHASE_STRIP = NO;
				DEBUG_INFORMATION_FORMAT = "dwarf-with-dsym";
				ENABLE_NS_ASSERTIONS = NO;
				ENABLE_STRICT_OBJC_MSGSEND = YES;
				GCC_C_LANGUAGE_STANDARD = gnu11;
				GCC_NO_COMMON_BLOCKS = YES;
				GCC_WARN_64_TO_32_BIT_CONVERSION = YES;
				GCC_WARN_ABOUT_RETURN_TYPE = YES_ERROR;
				GCC_WARN_UNDECLARED_SELECTOR = YES;
				GCC_WARN_UNINITIALIZED_AUTOS = YES_AGGRESSIVE;
				GCC_WARN_UNUSED_FUNCTION = YES;
				GCC_WARN_UNUSED_VARIABLE = YES;
				IPHONEOS_DEPLOYMENT_TARGET = 13.6;
				MTL_ENABLE_DEBUG_INFO = NO;
				MTL_FAST_MATH = YES;
				SDKROOT = iphoneos;
				SWIFT_COMPILATION_MODE = wholemodule;
				SWIFT_OPTIMIZATION_LEVEL = "-O";
				VALIDATE_PRODUCT = YES;
			};
			name = Release;
		};
		F88064A224E00F7000B521F8 /* Debug */ = {
			isa = XCBuildConfiguration;
			buildSettings = {
				ASSETCATALOG_COMPILER_APPICON_NAME = AppIcon;
				CODE_SIGN_STYLE = Automatic;
				DEVELOPMENT_TEAM = 6CZ8NL6CAP;
				INFOPLIST_FILE = "Simplest Arragement/Info.plist";
				LD_RUNPATH_SEARCH_PATHS = (
					"$(inherited)",
					"@executable_path/Frameworks",
				);
				PRODUCT_BUNDLE_IDENTIFIER = "hsia.Simplest-Arragement";
				PRODUCT_NAME = "$(TARGET_NAME)";
				SWIFT_VERSION = 5.0;
				TARGETED_DEVICE_FAMILY = "1,2";
			};
			name = Debug;
		};
		F88064A324E00F7000B521F8 /* Release */ = {
			isa = XCBuildConfiguration;
			buildSettings = {
				ASSETCATALOG_COMPILER_APPICON_NAME = AppIcon;
				CODE_SIGN_STYLE = Automatic;
				DEVELOPMENT_TEAM = 6CZ8NL6CAP;
				INFOPLIST_FILE = "Simplest Arragement/Info.plist";
				LD_RUNPATH_SEARCH_PATHS = (
					"$(inherited)",
					"@executable_path/Frameworks",
				);
				PRODUCT_BUNDLE_IDENTIFIER = "hsia.Simplest-Arragement";
				PRODUCT_NAME = "$(TARGET_NAME)";
				SWIFT_VERSION = 5.0;
				TARGETED_DEVICE_FAMILY = "1,2";
			};
			name = Release;
		};
/* End XCBuildConfiguration section */

/* Begin XCConfigurationList section */
		F880648524E00F7000B521F8 /* Build configuration list for PBXProject "Simplest Arragement" */ = {
			isa = XCConfigurationList;
			buildConfigurations = (
				F880649F24E00F7000B521F8 /* Debug */,
				F88064A024E00F7000B521F8 /* Release */,
			);
			defaultConfigurationIsVisible = 0;
			defaultConfigurationName = Release;
		};
		F88064A124E00F7000B521F8 /* Build configuration list for PBXNativeTarget "Simplest Arragement" */ = {
			isa = XCConfigurationList;
			buildConfigurations = (
				F88064A224E00F7000B521F8 /* Debug */,
				F88064A324E00F7000B521F8 /* Release */,
			);
			defaultConfigurationIsVisible = 0;
			defaultConfigurationName = Release;
		};
/* End XCConfigurationList section */

/* Begin XCVersionGroup section */
		F880649624E00F7000B521F8 /* Simplest_Arragement.xcdatamodeld */ = {
			isa = XCVersionGroup;
			children = (
				F880649724E00F7000B521F8 /* Simplest_Arragement.xcdatamodel */,
			);
			currentVersion = F880649724E00F7000B521F8 /* Simplest_Arragement.xcdatamodel */;
			path = Simplest_Arragement.xcdatamodeld;
			sourceTree = "<group>";
			versionGroupType = wrapper.xcdatamodel;
		};
/* End XCVersionGroup section */
	};
	rootObject = F880648224E00F7000B521F8 /* Project object */;
}
